# This file is automatically @generated by Cargo.
# It is not intended for manual editing.
version = 3

[[package]]
name = "bempline"
version = "0.9.0"

[[package]]
name = "camino"
version = "1.1.1"
source = "registry+https://github.com/rust-lang/crates.io-index"
checksum = "88ad0e1e3e88dd237a156ab9f571021b8a158caa0ae44b1968a241efb5144c1e"

[[package]]
name = "confindent"
version = "2.2.0"
source = "registry+https://github.com/rust-lang/crates.io-index"
checksum = "c5a06ecfd8e0b653f5b0a1b083f74a275d2aab7834b90bce8c66f3c0b2f53fb1"

[[package]]
name = "eyre"
version = "0.6.8"
source = "registry+https://github.com/rust-lang/crates.io-index"
checksum = "4c2b6b5a29c02cdc822728b7d7b8ae1bab3e3b05d44522770ddd49722eeac7eb"
dependencies = [
 "indenter",
 "once_cell",
]

[[package]]
name = "indenter"
version = "0.3.3"
source = "registry+https://github.com/rust-lang/crates.io-index"
checksum = "ce23b50ad8242c51a442f3ff322d56b02f08852c77e4c0b4d3fd684abc89c683"

[[package]]
name = "once_cell"
version = "1.15.0"
source = "registry+https://github.com/rust-lang/crates.io-index"
checksum = "e82dad04139b71a90c080c8463fe0dc7902db5192d939bd0950f074d014339e1"

[[package]]
name = "quark"
version = "0.1.0"

[[package]]
name = "yelling"
version = "0.1.0"
dependencies = [
 "bempline",
 "camino",
 "confindent",
 "eyre",
 "quark",
]
